
Microsoft Visual Studio Solution File, Format Version 12.00
# Visual Studio Version 16
VisualStudioVersion = 16.0.33423.256
MinimumVisualStudioVersion = 10.0.40219.1
Project("{FAE04EC0-301F-11D3-BF4B-00C04F79EFBC}") = "TestFamipet_50_Thu", "TestFamipet_50_Thu\TestFamipet_50_Thu.csproj", "{BAF1A85A-D6B2-49A3-9E84-1E59F108D5F6}"
EndProject
Project("{FAE04EC0-301F-11D3-BF4B-00C04F79EFBC}") = "TestFamipet_WebDriver_50_Thu", "TestFamipet_WebDriver_50_Thu\TestFamipet_WebDriver_50_Thu.csproj", "{EB117938-17BE-4118-9EEA-AC3D666E54E0}"
EndProject
Global
	GlobalSection(SolutionConfigurationPlatforms) = preSolution
		Debug|Any CPU = Debug|Any CPU
		Release|Any CPU = Release|Any CPU
	EndGlobalSection
	GlobalSection(ProjectConfigurationPlatforms) = postSolution
		{BAF1A85A-D6B2-49A3-9E84-1E59F108D5F6}.Debug|Any CPU.ActiveCfg = Debug|Any CPU
		{BAF1A85A-D6B2-49A3-9E84-1E59F108D5F6}.Debug|Any CPU.Build.0 = Debug|Any CPU
		{BAF1A85A-D6B2-49A3-9E84-1E59F108D5F6}.Release|Any CPU.ActiveCfg = Release|Any CPU
		{BAF1A85A-D6B2-49A3-9E84-1E59F108D5F6}.Release|Any CPU.Build.0 = Release|Any CPU
		{EB117938-17BE-4118-9EEA-AC3D666E54E0}.Debug|Any CPU.ActiveCfg = Debug|Any CPU
		{EB117938-17BE-4118-9EEA-AC3D666E54E0}.Debug|Any CPU.Build.0 = Debug|Any CPU
		{EB117938-17BE-4118-9EEA-AC3D666E54E0}.Release|Any CPU.ActiveCfg = Release|Any CPU
		{EB117938-17BE-4118-9EEA-AC3D666E54E0}.Release|Any CPU.Build.0 = Release|Any CPU
	EndGlobalSection
	GlobalSection(SolutionProperties) = preSolution
		HideSolutionNode = FALSE
	EndGlobalSection
	GlobalSection(ExtensibilityGlobals) = postSolution
		SolutionGuid = {577A4210-1C17-4654-B4D7-BA51537677A9}
	EndGlobalSection
EndGlobal
